<?xml version="1.0" encoding="utf-8"?>
<Project ToolsVersion="4.0" xmlns="http://schemas.microsoft.com/developer/msbuild/2003">
  <ItemGroup>
    <Filter Include="assets">
      <UniqueIdentifier>{24240a51-8fdb-478f-8c1c-27cbca7adc3f}</UniqueIdentifier>
      <SourceControlFiles>False</SourceControlFiles>
    </Filter>
    <Filter Include="shaders">
      <UniqueIdentifier>{1d345cf5-0451-42e0-83a8-6a3f5a7203ca}</UniqueIdentifier>
    </Filter>
    <Filter Include="precompiled_headers">
      <UniqueIdentifier>{a498e4bc-580a-49d7-9a8e-ec57803fdcd4}</UniqueIdentifier>
    </Filter>
  </ItemGroup>
  <ItemGroup>
    <None Include="..\assets\level01c.dae">
      <Filter>assets</Filter>
    </None>
    <None Include="..\assets\cgbtest1.dae">
      <Filter>assets</Filter>
    </None>
    <None Include="..\assets\cgbtest1.fbx">
      <Filter>assets</Filter>
    </None>
    <None Include="..\assets\cgbtest1.mtl">
      <Filter>assets</Filter>
    </None>
    <None Include="..\assets\cgbtest2.dae">
      <Filter>assets</Filter>
    </None>
    <None Include="..\assets\cgbtest2.fbx">
      <Filter>assets</Filter>
    </None>
    <None Include="..\assets\cgbtest2.mtl">
      <Filter>assets</Filter>
    </None>
    <None Include="..\assets\cgbtest2sm.fbx">
      <Filter>assets</Filter>
    </None>
    <None Include="..\assets\cgbtest1.obj">
      <Filter>assets</Filter>
    </None>
    <None Include="..\assets\cgbtest2.obj">
      <Filter>assets</Filter>
    </None>
    <None Include="..\assets\lighttest.dae">
      <Filter>assets</Filter>
    </None>
    <None Include="..\shaders\default.rchit">
      <Filter>shaders</Filter>
    </None>
    <None Include="..\shaders\default.rgen">
      <Filter>shaders</Filter>
    </None>
    <None Include="..\shaders\default.rmiss">
      <Filter>shaders</Filter>
    </None>
    <None Include="..\shaders\shadowray.rchit">
      <Filter>shaders</Filter>
    </None>
    <None Include="..\shaders\shadowray.rmiss">
      <Filter>shaders</Filter>
    </None>
    <None Include="..\shaders\default.rahit">
      <Filter>shaders</Filter>
    </None>
    <None Include="..\shaders\shadowray.rahit">
      <Filter>shaders</Filter>
    </None>
  </ItemGroup>
  <ItemGroup>
    <ClCompile Include="cg_stdafx.cpp">
      <Filter>precompiled_headers</Filter>
    </ClCompile>
    <ClCompile Include="..\source_code\focus_rt.cpp" />
    <ClCompile Include="..\source_code\fscene.cpp" />
    <ClCompile Include="..\source_code\frenderer.cpp" />
  </ItemGroup>
  <ItemGroup>
    <ClInclude Include="cg_stdafx.hpp">
      <Filter>precompiled_headers</Filter>
    </ClInclude>
    <ClInclude Include="cg_targetver.hpp">
      <Filter>precompiled_headers</Filter>
    </ClInclude>
    <ClInclude Include="..\source_code\fscene.h" />
    <ClInclude Include="..\source_code\includes.h" />
    <ClInclude Include="..\source_code\frenderer.h" />
  </ItemGroup>
  <ItemGroup>
    <Image Include="..\assets\Lava4.png">
      <Filter>assets</Filter>
    </Image>
    <Image Include="..\assets\Marble01_col.jpg">
      <Filter>assets</Filter>
    </Image>
    <Image Include="..\assets\Marble01_nrm.jpg">
      <Filter>assets</Filter>
    </Image>
    <Image Include="..\assets\Marble05_col.jpg">
      <Filter>assets</Filter>
    </Image>
    <Image Include="..\assets\Marble05_nrm.jpg">
      <Filter>assets</Filter>
    </Image>
    <Image Include="..\assets\MarbleTiles_albedo.png">
      <Filter>assets</Filter>
    </Image>
    <Image Include="..\assets\MarbleTiles_albedo.tif">
      <Filter>assets</Filter>
    </Image>
    <Image Include="..\assets\MarbleTiles_normal.png">
      <Filter>assets</Filter>
    </Image>
    <Image Include="..\assets\MarbleTiles_normal.tif">
      <Filter>assets</Filter>
    </Image>
    <Image Include="..\assets\MarbleTiles_normal-fake.png">
      <Filter>assets</Filter>
    </Image>
    <Image Include="..\assets\Metal07_col.jpg">
      <Filter>assets</Filter>
    </Image>
    <Image Include="..\assets\Metal07_nrm.jpg">
      <Filter>assets</Filter>
    </Image>
    <Image Include="..\assets\Metal15_col.jpg">
      <Filter>assets</Filter>
    </Image>
    <Image Include="..\assets\Metal15_nrm.jpg">
      <Filter>assets</Filter>
    </Image>
    <Image Include="..\assets\Metal18_col.jpg">
      <Filter>assets</Filter>
    </Image>
    <Image Include="..\assets\Metal18_nrm.jpg">
      <Filter>assets</Filter>
    </Image>
    <Image Include="..\assets\PavingStones36_col.jpg">
      <Filter>assets</Filter>
    </Image>
    <Image Include="..\assets\PavingStones36_nrm.jpg">
      <Filter>assets</Filter>
    </Image>
    <Image Include="..\assets\Tiles13_col.jpg">
      <Filter>assets</Filter>
    </Image>
    <Image Include="..\assets\Tiles13_nrm.jpg">
      <Filter>assets</Filter>
    </Image>
    <Image Include="..\assets\Wood26_col.jpg">
      <Filter>assets</Filter>
    </Image>
    <Image Include="..\assets\Wood26_nrm.jpg">
      <Filter>assets</Filter>
    </Image>
    <Image Include="..\assets\bark_0004.jpg">
      <Filter>assets</Filter>
    </Image>
    <Image Include="..\assets\Bricks29_col.jpg">
      <Filter>assets</Filter>
    </Image>
    <Image Include="..\assets\Bricks29_nrm.jpg">
      <Filter>assets</Filter>
    </Image>
    <Image Include="..\assets\Concrete07_col.jpg">
      <Filter>assets</Filter>
    </Image>
    <Image Include="..\assets\Concrete07_nrm.jpg">
      <Filter>assets</Filter>
    </Image>
    <Image Include="..\assets\DB2X2_L01.png">
      <Filter>assets</Filter>
    </Image>
    <Image Include="..\assets\DB2X2_L02.png">
      <Filter>assets</Filter>
    </Image>
    <Image Include="..\assets\DB2X2_L02_NRM.png">
      <Filter>assets</Filter>
    </Image>
    <Image Include="..\assets\DiamondPlate02_col.jpg">
      <Filter>assets</Filter>
    </Image>
    <Image Include="..\assets\DiamondPlate02_nrm.jpg">
      <Filter>assets</Filter>
    </Image>
    <Image Include="..\assets\dirt.png">
      <Filter>assets</Filter>
    </Image>
    <Image Include="..\assets\Ground03_col.jpg">
      <Filter>assets</Filter>
    </Image>
    <Image Include="..\assets\Ground03_nrm.jpg">
      <Filter>assets</Filter>
    </Image>
  </ItemGroup>
</Project>